
Microsoft Visual Studio Solution File, Format Version 12.00
# Visual Studio 15
VisualStudioVersion = 15.0.28307.1259
MinimumVisualStudioVersion = 10.0.40219.1
Project("{FAE04EC0-301F-11D3-BF4B-00C04F79EFBC}") = "04BlackJackGame", "04BlackJackGame\04BlackJackGame.csproj", "{147781B8-9DEA-4DEB-8C49-91B3ACDB89E1}"
EndProject
Global
	GlobalSection(SolutionConfigurationPlatforms) = preSolution
		Debug|Any CPU = Debug|Any CPU
		Release|Any CPU = Release|Any CPU
	EndGlobalSection
	GlobalSection(ProjectConfigurationPlatforms) = postSolution
		{147781B8-9DEA-4DEB-8C49-91B3ACDB89E1}.Debug|Any CPU.ActiveCfg = Debug|Any CPU
		{147781B8-9DEA-4DEB-8C49-91B3ACDB89E1}.Debug|Any CPU.Build.0 = Debug|Any CPU
		{147781B8-9DEA-4DEB-8C49-91B3ACDB89E1}.Release|Any CPU.ActiveCfg = Release|Any CPU
		{147781B8-9DEA-4DEB-8C49-91B3ACDB89E1}.Release|Any CPU.Build.0 = Release|Any CPU
	EndGlobalSection
	GlobalSection(SolutionProperties) = preSolution
		HideSolutionNode = FALSE
	EndGlobalSection
	GlobalSection(ExtensibilityGlobals) = postSolution
		SolutionGuid = {95400AF2-9C41-4D01-BE30-7898FC1C37F0}
	EndGlobalSection
EndGlobal
